
Microsoft Visual Studio Solution File, Format Version 12.00
# Visual Studio Version 16
VisualStudioVersion = 16.0.30503.244
MinimumVisualStudioVersion = 10.0.40219.1
Project("{FAE04EC0-301F-11D3-BF4B-00C04F79EFBC}") = "BinarySearchTree", "BinarySearchTree\BinarySearchTree.csproj", "{77BBE24B-8F3E-426A-9E33-D3172C8A9B6F}"
EndProject
Global
	GlobalSection(SolutionConfigurationPlatforms) = preSolution
		Debug|Any CPU = Debug|Any CPU
		Release|Any CPU = Release|Any CPU
	EndGlobalSection
	GlobalSection(ProjectConfigurationPlatforms) = postSolution
		{77BBE24B-8F3E-426A-9E33-D3172C8A9B6F}.Debug|Any CPU.ActiveCfg = Debug|Any CPU
		{77BBE24B-8F3E-426A-9E33-D3172C8A9B6F}.Debug|Any CPU.Build.0 = Debug|Any CPU
		{77BBE24B-8F3E-426A-9E33-D3172C8A9B6F}.Release|Any CPU.ActiveCfg = Release|Any CPU
		{77BBE24B-8F3E-426A-9E33-D3172C8A9B6F}.Release|Any CPU.Build.0 = Release|Any CPU
	EndGlobalSection
	GlobalSection(SolutionProperties) = preSolution
		HideSolutionNode = FALSE
	EndGlobalSection
	GlobalSection(ExtensibilityGlobals) = postSolution
		SolutionGuid = {74F362A6-8196-45C5-971E-38AFF212DD27}
	EndGlobalSection
EndGlobal
